<?xml version="1.0" encoding="UTF-8" standalone="yes" ?>
<CodeBlocks_project_file>
	<FileVersion major="1" minor="6" />
	<Project>
		<Option title="Bomberman" />
		<Option pch_mode="2" />
		<Option compiler="gcc" />
		<Build>
			<Target title="Debug">
				<Option output="bin/Debug/Bomberman" prefix_auto="1" extension_auto="1" />
				<Option working_dir="bin/Debug/" />
				<Option object_output="obj/Debug/" />
				<Option type="1" />
				<Option compiler="gcc" />
				<Compiler>
					<Add option="-Wall" />
					<Add option="-std=c++11" />
					<Add option="-g" />
					<Add directory="include" />
				</Compiler>
			</Target>
			<Target title="Release">
				<Option output="bin/Release/Bomberman" prefix_auto="1" extension_auto="1" />
				<Option working_dir="bin/Release/" />
				<Option object_output="obj/Release/" />
				<Option type="1" />
				<Option compiler="gcc" />
				<Compiler>
					<Add option="-O2" />
					<Add option="-Wall" />
					<Add option="-std=c++11" />
					<Add directory="include" />
				</Compiler>
				<Linker>
					<Add option="-s" />
				</Linker>
			</Target>
			<Target title="Linux">
				<Option output="bin/Linux/Bomberman" prefix_auto="1" extension_auto="1" />
				<Option working_dir="bin/Linux/" />
				<Option object_output="obj/Linux/" />
				<Option type="1" />
				<Option compiler="gcc" />
				<Option projectLinkerOptionsRelation="1" />
				<Compiler>
					<Add option="-Wall" />
					<Add option="-std=c++11" />
					<Add option="-g" />
					<Add directory="include" />
				</Compiler>
				<Linker>
					<Add option="lib-linux/libglfw3.a -lrt -lm -ldl -lX11 -lpthread -lXrandr -lXinerama -lXxf86vm -lXcursor" />
				</Linker>
			</Target>
		</Build>
		<Compiler>
			<Add option="-Wall" />
			<Add option="-Wno-unused-function" />
			<Add directory="include" />
		</Compiler>
		<Linker>
			<Add option="lib\libglfw3.a -lgdi32 -lopengl32" />
			<Add directory="lib" />
		</Linker>
		<Unit filename="include/AttributeLocation.h" />
		<Unit filename="include/FreeCamera.h" />
		<Unit filename="include/Keyboard.h" />
		<Unit filename="include/Loader.h" />
		<Unit filename="include/LookAtCamera.h" />
		<Unit filename="include/Mouse.h" />
		<Unit filename="include/ObjModel.h" />
		<Unit filename="include/ObjectId.h" />
		<Unit filename="include/Projection.h" />
		<Unit filename="include/RawModel.h" />
		<Unit filename="include/Renderer.h" />
		<Unit filename="include/Shaders.h" />
		<Unit filename="include/VirtualScene.h" />
		<Unit filename="include/Window.h" />
		<Unit filename="include/matrices.h" />
		<Unit filename="src/FreeCamera.cpp" />
		<Unit filename="src/Graphics/Loader.cpp" />
		<Unit filename="src/Graphics/ObjModel.cpp" />
		<Unit filename="src/Graphics/RawModel.cpp" />
		<Unit filename="src/Graphics/Renderer.cpp" />
		<Unit filename="src/Graphics/VirtualScene.cpp" />
		<Unit filename="src/Graphics/Window.cpp" />
		<Unit filename="src/Input/Keyboard.cpp" />
		<Unit filename="src/Input/Mouse.cpp" />
		<Unit filename="src/LookAtCamera.cpp" />
		<Unit filename="src/Projection.cpp" />
		<Unit filename="src/Shaders/Shaders.cpp" />
		<Unit filename="src/Shaders/shader_fragment.glsl" />
		<Unit filename="src/Shaders/shader_vertex.glsl" />
		<Unit filename="src/glad.c">
			<Option compilerVar="CC" />
		</Unit>
		<Unit filename="src/main.cpp" />
		<Unit filename="src/matrices.cpp" />
		<Unit filename="src/tiny_obj_loader.cpp" />
		<Extensions>
			<code_completion />
			<envvars />
			<lib_finder disable_auto="1" />
			<debugger />
		</Extensions>
	</Project>
</CodeBlocks_project_file>
